# This file is automatically @generated by Cargo.
# It is not intended for manual editing.
version = 4

[[package]]
name = "compat_oai_hello"
version = "0.1.0"
dependencies = [
 "genkit",
]

[[package]]
name = "dev_local_vectorstore_hello"
version = "0.1.0"
dependencies = [
 "genkit",
]

[[package]]
name = "genkit"
version = "0.1.0"

[[package]]
name = "genkit-plugin-compat-oai"
version = "0.1.0"
dependencies = [
 "genkit",
]

[[package]]
name = "genkit-plugin-dev-local-vectorstore"
version = "0.1.0"
dependencies = [
 "genkit",
]

[[package]]
name = "genkit-plugin-google-cloud"
version = "0.1.0"
dependencies = [
 "genkit",
]

[[package]]
name = "genkit-plugin-google-genai"
version = "0.1.0"
dependencies = [
 "genkit",
]

[[package]]
name = "genkit-plugin-ollama"
version = "0.1.0"
dependencies = [
 "genkit",
]

[[package]]
name = "genkit-plugin-vertex-ai"
version = "0.1.0"
dependencies = [
 "genkit",
]

[[package]]
name = "google_genai_context_caching"
version = "0.1.0"
dependencies = [
 "genkit",
]

[[package]]
name = "google_genai_hello"
version = "0.1.0"
dependencies = [
 "genkit",
]

[[package]]
name = "google_genai_image"
version = "0.1.0"
dependencies = [
 "genkit",
]

[[package]]
name = "google_genai_vertexai_hello"
version = "0.1.0"
dependencies = [
 "genkit",
]

[[package]]
name = "google_genai_vertexai_image"
version = "0.1.0"
dependencies = [
 "genkit",
]

[[package]]
name = "menu"
version = "0.1.0"
dependencies = [
 "genkit",
]

[[package]]
name = "ollama_hello"
version = "0.1.0"
dependencies = [
 "genkit",
]

[[package]]
name = "ollama_simple_embed"
version = "0.1.0"
dependencies = [
 "genkit",
]

[[package]]
name = "short_n_long"
version = "0.1.0"
dependencies = [
 "genkit",
]

[[package]]
name = "tool_interrupts"
version = "0.1.0"
dependencies = [
 "genkit",
]

[[package]]
name = "vertex_ai_imagen"
version = "0.1.0"
dependencies = [
 "genkit",
]
